// !$*UTF8*$!
{
	archiveVersion = 1;
	classes = {
	};
	objectVersion = 55;
	objects = {

/* Begin PBXBuildFile section */
		3F60BC662810872700E6892C /* sshviewApp.swift in Sources */ = {isa = PBXBuildFile; fileRef = 3F60BC652810872700E6892C /* sshviewApp.swift */; };
		3F60BC6A2810872900E6892C /* Assets.xcassets in Resources */ = {isa = PBXBuildFile; fileRef = 3F60BC692810872900E6892C /* Assets.xcassets */; };
		3F60BC6D2810872900E6892C /* Preview Assets.xcassets in Resources */ = {isa = PBXBuildFile; fileRef = 3F60BC6C2810872900E6892C /* Preview Assets.xcassets */; };
		3F60BC8528108A5800E6892C /* EditServer.swift in Sources */ = {isa = PBXBuildFile; fileRef = 3F60BC7328108A5800E6892C /* EditServer.swift */; };
		3F60BC8628108A5800E6892C /* ServerItem.swift in Sources */ = {isa = PBXBuildFile; fileRef = 3F60BC7428108A5800E6892C /* ServerItem.swift */; };
		3F60BC8728108A5800E6892C /* MainView.swift in Sources */ = {isa = PBXBuildFile; fileRef = 3F60BC7528108A5800E6892C /* MainView.swift */; };
		3F60BC8828108A5800E6892C /* UserIdList.swift in Sources */ = {isa = PBXBuildFile; fileRef = 3F60BC7628108A5800E6892C /* UserIdList.swift */; };
		3F60BC8928108A5800E6892C /* WebViewTest.swift in Sources */ = {isa = PBXBuildFile; fileRef = 3F60BC7728108A5800E6892C /* WebViewTest.swift */; };
		3F60BC8A28108A5800E6892C /* UserIdItem.swift in Sources */ = {isa = PBXBuildFile; fileRef = 3F60BC7828108A5800E6892C /* UserIdItem.swift */; };
		3F60BC8B28108A5800E6892C /* WebToolBarView.swift in Sources */ = {isa = PBXBuildFile; fileRef = 3F60BC7928108A5800E6892C /* WebToolBarView.swift */; };
		3F60BC8C28108A5800E6892C /* ServerConnection.swift in Sources */ = {isa = PBXBuildFile; fileRef = 3F60BC7A28108A5800E6892C /* ServerConnection.swift */; };
		3F60BC8D28108A5800E6892C /* UserIdDetail.swift in Sources */ = {isa = PBXBuildFile; fileRef = 3F60BC7B28108A5800E6892C /* UserIdDetail.swift */; };
		3F60BC8E28108A5800E6892C /* UserIdRow.swift in Sources */ = {isa = PBXBuildFile; fileRef = 3F60BC7C28108A5800E6892C /* UserIdRow.swift */; };
		3F60BC8F28108A5800E6892C /* AddNewId.swift in Sources */ = {isa = PBXBuildFile; fileRef = 3F60BC7D28108A5800E6892C /* AddNewId.swift */; };
		3F60BC9028108A5800E6892C /* LocalWebView.swift in Sources */ = {isa = PBXBuildFile; fileRef = 3F60BC7E28108A5800E6892C /* LocalWebView.swift */; };
		3F60BC9128108A5800E6892C /* RootView.swift in Sources */ = {isa = PBXBuildFile; fileRef = 3F60BC7F28108A5800E6892C /* RootView.swift */; };
		3F60BC9228108A5800E6892C /* ServerList.swift in Sources */ = {isa = PBXBuildFile; fileRef = 3F60BC8028108A5800E6892C /* ServerList.swift */; };
		3F60BC9428108A5800E6892C /* ConsoleView.swift in Sources */ = {isa = PBXBuildFile; fileRef = 3F60BC8228108A5800E6892C /* ConsoleView.swift */; };
		3F60BC9528108A5800E6892C /* SSHDaemon.swift in Sources */ = {isa = PBXBuildFile; fileRef = 3F60BC8328108A5800E6892C /* SSHDaemon.swift */; };
		3F60BC9628108A5800E6892C /* ServerRow.swift in Sources */ = {isa = PBXBuildFile; fileRef = 3F60BC8428108A5800E6892C /* ServerRow.swift */; };
		3F60BC9828109D2A00E6892C /* TerminalView.swift in Sources */ = {isa = PBXBuildFile; fileRef = 3F60BC9728109D2A00E6892C /* TerminalView.swift */; };
		3F60BC9A28109E3000E6892C /* CommandView.swift in Sources */ = {isa = PBXBuildFile; fileRef = 3F60BC9928109E3000E6892C /* CommandView.swift */; };
/* End PBXBuildFile section */

/* Begin PBXFileReference section */
		3F60BC622810872700E6892C /* sshview.app */ = {isa = PBXFileReference; explicitFileType = wrapper.application; includeInIndex = 0; path = sshview.app; sourceTree = BUILT_PRODUCTS_DIR; };
		3F60BC652810872700E6892C /* sshviewApp.swift */ = {isa = PBXFileReference; lastKnownFileType = sourcecode.swift; path = sshviewApp.swift; sourceTree = "<group>"; };
		3F60BC692810872900E6892C /* Assets.xcassets */ = {isa = PBXFileReference; lastKnownFileType = folder.assetcatalog; path = Assets.xcassets; sourceTree = "<group>"; };
		3F60BC6C2810872900E6892C /* Preview Assets.xcassets */ = {isa = PBXFileReference; lastKnownFileType = folder.assetcatalog; path = "Preview Assets.xcassets"; sourceTree = "<group>"; };
		3F60BC7328108A5800E6892C /* EditServer.swift */ = {isa = PBXFileReference; fileEncoding = 4; lastKnownFileType = sourcecode.swift; path = EditServer.swift; sourceTree = "<group>"; };
		3F60BC7428108A5800E6892C /* ServerItem.swift */ = {isa = PBXFileReference; fileEncoding = 4; lastKnownFileType = sourcecode.swift; path = ServerItem.swift; sourceTree = "<group>"; };
		3F60BC7528108A5800E6892C /* MainView.swift */ = {isa = PBXFileReference; fileEncoding = 4; lastKnownFileType = sourcecode.swift; path = MainView.swift; sourceTree = "<group>"; };
		3F60BC7628108A5800E6892C /* UserIdList.swift */ = {isa = PBXFileReference; fileEncoding = 4; lastKnownFileType = sourcecode.swift; path = UserIdList.swift; sourceTree = "<group>"; };
		3F60BC7728108A5800E6892C /* WebViewTest.swift */ = {isa = PBXFileReference; fileEncoding = 4; lastKnownFileType = sourcecode.swift; path = WebViewTest.swift; sourceTree = "<group>"; };
		3F60BC7828108A5800E6892C /* UserIdItem.swift */ = {isa = PBXFileReference; fileEncoding = 4; lastKnownFileType = sourcecode.swift; path = UserIdItem.swift; sourceTree = "<group>"; };
		3F60BC7928108A5800E6892C /* WebToolBarView.swift */ = {isa = PBXFileReference; fileEncoding = 4; lastKnownFileType = sourcecode.swift; path = WebToolBarView.swift; sourceTree = "<group>"; };
		3F60BC7A28108A5800E6892C /* ServerConnection.swift */ = {isa = PBXFileReference; fileEncoding = 4; lastKnownFileType = sourcecode.swift; path = ServerConnection.swift; sourceTree = "<group>"; };
		3F60BC7B28108A5800E6892C /* UserIdDetail.swift */ = {isa = PBXFileReference; fileEncoding = 4; lastKnownFileType = sourcecode.swift; path = UserIdDetail.swift; sourceTree = "<group>"; };
		3F60BC7C28108A5800E6892C /* UserIdRow.swift */ = {isa = PBXFileReference; fileEncoding = 4; lastKnownFileType = sourcecode.swift; path = UserIdRow.swift; sourceTree = "<group>"; };
		3F60BC7D28108A5800E6892C /* AddNewId.swift */ = {isa = PBXFileReference; fileEncoding = 4; lastKnownFileType = sourcecode.swift; path = AddNewId.swift; sourceTree = "<group>"; };
		3F60BC7E28108A5800E6892C /* LocalWebView.swift */ = {isa = PBXFileReference; fileEncoding = 4; lastKnownFileType = sourcecode.swift; path = LocalWebView.swift; sourceTree = "<group>"; };
		3F60BC7F28108A5800E6892C /* RootView.swift */ = {isa = PBXFileReference; fileEncoding = 4; lastKnownFileType = sourcecode.swift; path = RootView.swift; sourceTree = "<group>"; };
		3F60BC8028108A5800E6892C /* ServerList.swift */ = {isa = PBXFileReference; fileEncoding = 4; lastKnownFileType = sourcecode.swift; path = ServerList.swift; sourceTree = "<group>"; };
		3F60BC8228108A5800E6892C /* ConsoleView.swift */ = {isa = PBXFileReference; fileEncoding = 4; lastKnownFileType = sourcecode.swift; path = ConsoleView.swift; sourceTree = "<group>"; };
		3F60BC8328108A5800E6892C /* SSHDaemon.swift */ = {isa = PBXFileReference; fileEncoding = 4; lastKnownFileType = sourcecode.swift; path = SSHDaemon.swift; sourceTree = "<group>"; };
		3F60BC8428108A5800E6892C /* ServerRow.swift */ = {isa = PBXFileReference; fileEncoding = 4; lastKnownFileType = sourcecode.swift; path = ServerRow.swift; sourceTree = "<group>"; };
		3F60BC9728109D2A00E6892C /* TerminalView.swift */ = {isa = PBXFileReference; lastKnownFileType = sourcecode.swift; path = TerminalView.swift; sourceTree = "<group>"; };
		3F60BC9928109E3000E6892C /* CommandView.swift */ = {isa = PBXFileReference; lastKnownFileType = sourcecode.swift; path = CommandView.swift; sourceTree = "<group>"; };
/* End PBXFileReference section */

/* Begin PBXFrameworksBuildPhase section */
		3F60BC5F2810872700E6892C /* Frameworks */ = {
			isa = PBXFrameworksBuildPhase;
			buildActionMask = 2147483647;
			files = (
			);
			runOnlyForDeploymentPostprocessing = 0;
		};
/* End PBXFrameworksBuildPhase section */

/* Begin PBXGroup section */
		3F60BC592810872700E6892C = {
			isa = PBXGroup;
			children = (
				3F60BC642810872700E6892C /* sshview */,
				3F60BC632810872700E6892C /* Products */,
			);
			sourceTree = "<group>";
		};
		3F60BC632810872700E6892C /* Products */ = {
			isa = PBXGroup;
			children = (
				3F60BC622810872700E6892C /* sshview.app */,
			);
			name = Products;
			sourceTree = "<group>";
		};
		3F60BC642810872700E6892C /* sshview */ = {
			isa = PBXGroup;
			children = (
				3F60BC652810872700E6892C /* sshviewApp.swift */,
				3F60BC7F28108A5800E6892C /* RootView.swift */,
				3F60BC7528108A5800E6892C /* MainView.swift */,
				3F60BC7328108A5800E6892C /* EditServer.swift */,
				3F60BC7428108A5800E6892C /* ServerItem.swift */,
				3F60BC8028108A5800E6892C /* ServerList.swift */,
				3F60BC8428108A5800E6892C /* ServerRow.swift */,
				3F60BC7D28108A5800E6892C /* AddNewId.swift */,
				3F60BC7B28108A5800E6892C /* UserIdDetail.swift */,
				3F60BC7828108A5800E6892C /* UserIdItem.swift */,
				3F60BC7628108A5800E6892C /* UserIdList.swift */,
				3F60BC7C28108A5800E6892C /* UserIdRow.swift */,
				3F60BC8328108A5800E6892C /* SSHDaemon.swift */,
				3F60BC7A28108A5800E6892C /* ServerConnection.swift */,
				3F60BC8228108A5800E6892C /* ConsoleView.swift */,
				3F60BC9928109E3000E6892C /* CommandView.swift */,
				3F60BC9728109D2A00E6892C /* TerminalView.swift */,
				3F60BC7E28108A5800E6892C /* LocalWebView.swift */,
				3F60BC7928108A5800E6892C /* WebToolBarView.swift */,
				3F60BC7728108A5800E6892C /* WebViewTest.swift */,
				3F60BC692810872900E6892C /* Assets.xcassets */,
				3F60BC6B2810872900E6892C /* Preview Content */,
			);
			path = sshview;
			sourceTree = "<group>";
		};
		3F60BC6B2810872900E6892C /* Preview Content */ = {
			isa = PBXGroup;
			children = (
				3F60BC6C2810872900E6892C /* Preview Assets.xcassets */,
			);
			path = "Preview Content";
			sourceTree = "<group>";
		};
/* End PBXGroup section */

/* Begin PBXNativeTarget section */
		3F60BC612810872700E6892C /* sshview */ = {
			isa = PBXNativeTarget;
			buildConfigurationList = 3F60BC702810872900E6892C /* Build configuration list for PBXNativeTarget "sshview" */;
			buildPhases = (
				3F60BC5E2810872700E6892C /* Sources */,
				3F60BC5F2810872700E6892C /* Frameworks */,
				3F60BC602810872700E6892C /* Resources */,
			);
			buildRules = (
			);
			dependencies = (
			);
			name = sshview;
			productName = sshview;
			productReference = 3F60BC622810872700E6892C /* sshview.app */;
			productType = "com.apple.product-type.application";
		};
/* End PBXNativeTarget section */

/* Begin PBXProject section */
		3F60BC5A2810872700E6892C /* Project object */ = {
			isa = PBXProject;
			attributes = {
				BuildIndependentTargetsInParallel = 1;
				LastSwiftUpdateCheck = 1330;
				LastUpgradeCheck = 1330;
				TargetAttributes = {
					3F60BC612810872700E6892C = {
						CreatedOnToolsVersion = 13.3.1;
					};
				};
			};
			buildConfigurationList = 3F60BC5D2810872700E6892C /* Build configuration list for PBXProject "sshview" */;
			compatibilityVersion = "Xcode 13.0";
			developmentRegion = en;
			hasScannedForEncodings = 0;
			knownRegions = (
				en,
				Base,
			);
			mainGroup = 3F60BC592810872700E6892C;
			productRefGroup = 3F60BC632810872700E6892C /* Products */;
			projectDirPath = "";
			projectRoot = "";
			targets = (
				3F60BC612810872700E6892C /* sshview */,
			);
		};
/* End PBXProject section */

/* Begin PBXResourcesBuildPhase section */
		3F60BC602810872700E6892C /* Resources */ = {
			isa = PBXResourcesBuildPhase;
			buildActionMask = 2147483647;
			files = (
				3F60BC6D2810872900E6892C /* Preview Assets.xcassets in Resources */,
				3F60BC6A2810872900E6892C /* Assets.xcassets in Resources */,
			);
			runOnlyForDeploymentPostprocessing = 0;
		};
/* End PBXResourcesBuildPhase section */

/* Begin PBXSourcesBuildPhase section */
		3F60BC5E2810872700E6892C /* Sources */ = {
			isa = PBXSourcesBuildPhase;
			buildActionMask = 2147483647;
			files = (
				3F60BC9828109D2A00E6892C /* TerminalView.swift in Sources */,
				3F60BC8D28108A5800E6892C /* UserIdDetail.swift in Sources */,
				3F60BC8528108A5800E6892C /* EditServer.swift in Sources */,
				3F60BC9528108A5800E6892C /* SSHDaemon.swift in Sources */,
				3F60BC8728108A5800E6892C /* MainView.swift in Sources */,
				3F60BC8A28108A5800E6892C /* UserIdItem.swift in Sources */,
				3F60BC9128108A5800E6892C /* RootView.swift in Sources */,
				3F60BC8B28108A5800E6892C /* WebToolBarView.swift in Sources */,
				3F60BC662810872700E6892C /* sshviewApp.swift in Sources */,
				3F60BC9628108A5800E6892C /* ServerRow.swift in Sources */,
				3F60BC8928108A5800E6892C /* WebViewTest.swift in Sources */,
				3F60BC8828108A5800E6892C /* UserIdList.swift in Sources */,
				3F60BC9028108A5800E6892C /* LocalWebView.swift in Sources */,
				3F60BC8E28108A5800E6892C /* UserIdRow.swift in Sources */,
				3F60BC9228108A5800E6892C /* ServerList.swift in Sources */,
				3F60BC8F28108A5800E6892C /* AddNewId.swift in Sources */,
				3F60BC9A28109E3000E6892C /* CommandView.swift in Sources */,
				3F60BC8C28108A5800E6892C /* ServerConnection.swift in Sources */,
				3F60BC8628108A5800E6892C /* ServerItem.swift in Sources */,
				3F60BC9428108A5800E6892C /* ConsoleView.swift in Sources */,
			);
			runOnlyForDeploymentPostprocessing = 0;
		};
/* End PBXSourcesBuildPhase section */

/* Begin XCBuildConfiguration section */
		3F60BC6E2810872900E6892C /* Debug */ = {
			isa = XCBuildConfiguration;
			buildSettings = {
				ALWAYS_SEARCH_USER_PATHS = NO;
				CLANG_ANALYZER_NONNULL = YES;
				CLANG_ANALYZER_NUMBER_OBJECT_CONVERSION = YES_AGGRESSIVE;
				CLANG_CXX_LANGUAGE_STANDARD = "gnu++17";
				CLANG_ENABLE_MODULES = YES;
				CLANG_ENABLE_OBJC_ARC = YES;
				CLANG_ENABLE_OBJC_WEAK = YES;
				CLANG_WARN_BLOCK_CAPTURE_AUTORELEASING = YES;
				CLANG_WARN_BOOL_CONVERSION = YES;
				CLANG_WARN_COMMA = YES;
				CLANG_WARN_CONSTANT_CONVERSION = YES;
				CLANG_WARN_DEPRECATED_OBJC_IMPLEMENTATIONS = YES;
				CLANG_WARN_DIRECT_OBJC_ISA_USAGE = YES_ERROR;
				CLANG_WARN_DOCUMENTATION_COMMENTS = YES;
				CLANG_WARN_EMPTY_BODY = YES;
				CLANG_WARN_ENUM_CONVERSION = YES;
				CLANG_WARN_INFINITE_RECURSION = YES;
				CLANG_WARN_INT_CONVERSION = YES;
				CLANG_WARN_NON_LITERAL_NULL_CONVERSION = YES;
				CLANG_WARN_OBJC_IMPLICIT_RETAIN_SELF = YES;
				CLANG_WARN_OBJC_LITERAL_CONVERSION = YES;
				CLANG_WARN_OBJC_ROOT_CLASS = YES_ERROR;
				CLANG_WARN_QUOTED_INCLUDE_IN_FRAMEWORK_HEADER = YES;
				CLANG_WARN_RANGE_LOOP_ANALYSIS = YES;
				CLANG_WARN_STRICT_PROTOTYPES = YES;
				CLANG_WARN_SUSPICIOUS_MOVE = YES;
				CLANG_WARN_UNGUARDED_AVAILABILITY = YES_AGGRESSIVE;
				CLANG_WARN_UNREACHABLE_CODE = YES;
				CLANG_WARN__DUPLICATE_METHOD_MATCH = YES;
				COPY_PHASE_STRIP = NO;
				DEBUG_INFORMATION_FORMAT = dwarf;
				ENABLE_STRICT_OBJC_MSGSEND = YES;
				ENABLE_TESTABILITY = YES;
				GCC_C_LANGUAGE_STANDARD = gnu11;
				GCC_DYNAMIC_NO_PIC = NO;
				GCC_NO_COMMON_BLOCKS = YES;
				GCC_OPTIMIZATION_LEVEL = 0;
				GCC_PREPROCESSOR_DEFINITIONS = (
					"DEBUG=1",
					"$(inherited)",
				);
				GCC_WARN_64_TO_32_BIT_CONVERSION = YES;
				GCC_WARN_ABOUT_RETURN_TYPE = YES_ERROR;
				GCC_WARN_UNDECLARED_SELECTOR = YES;
				GCC_WARN_UNINITIALIZED_AUTOS = YES_AGGRESSIVE;
				GCC_WARN_UNUSED_FUNCTION = YES;
				GCC_WARN_UNUSED_VARIABLE = YES;
				IPHONEOS_DEPLOYMENT_TARGET = 15.4;
				MTL_ENABLE_DEBUG_INFO = INCLUDE_SOURCE;
				MTL_FAST_MATH = YES;
				ONLY_ACTIVE_ARCH = YES;
				SDKROOT = iphoneos;
				SWIFT_ACTIVE_COMPILATION_CONDITIONS = DEBUG;
				SWIFT_OPTIMIZATION_LEVEL = "-Onone";
			};
			name = Debug;
		};
		3F60BC6F2810872900E6892C /* Release */ = {
			isa = XCBuildConfiguration;
			buildSettings = {
				ALWAYS_SEARCH_USER_PATHS = NO;
				CLANG_ANALYZER_NONNULL = YES;
				CLANG_ANALYZER_NUMBER_OBJECT_CONVERSION = YES_AGGRESSIVE;
				CLANG_CXX_LANGUAGE_STANDARD = "gnu++17";
				CLANG_ENABLE_MODULES = YES;
				CLANG_ENABLE_OBJC_ARC = YES;
				CLANG_ENABLE_OBJC_WEAK = YES;
				CLANG_WARN_BLOCK_CAPTURE_AUTORELEASING = YES;
				CLANG_WARN_BOOL_CONVERSION = YES;
				CLANG_WARN_COMMA = YES;
				CLANG_WARN_CONSTANT_CONVERSION = YES;
				CLANG_WARN_DEPRECATED_OBJC_IMPLEMENTATIONS = YES;
				CLANG_WARN_DIRECT_OBJC_ISA_USAGE = YES_ERROR;
				CLANG_WARN_DOCUMENTATION_COMMENTS = YES;
				CLANG_WARN_EMPTY_BODY = YES;
				CLANG_WARN_ENUM_CONVERSION = YES;
				CLANG_WARN_INFINITE_RECURSION = YES;
				CLANG_WARN_INT_CONVERSION = YES;
				CLANG_WARN_NON_LITERAL_NULL_CONVERSION = YES;
				CLANG_WARN_OBJC_IMPLICIT_RETAIN_SELF = YES;
				CLANG_WARN_OBJC_LITERAL_CONVERSION = YES;
				CLANG_WARN_OBJC_ROOT_CLASS = YES_ERROR;
				CLANG_WARN_QUOTED_INCLUDE_IN_FRAMEWORK_HEADER = YES;
				CLANG_WARN_RANGE_LOOP_ANALYSIS = YES;
				CLANG_WARN_STRICT_PROTOTYPES = YES;
				CLANG_WARN_SUSPICIOUS_MOVE = YES;
				CLANG_WARN_UNGUARDED_AVAILABILITY = YES_AGGRESSIVE;
				CLANG_WARN_UNREACHABLE_CODE = YES;
				CLANG_WARN__DUPLICATE_METHOD_MATCH = YES;
				COPY_PHASE_STRIP = NO;
				DEBUG_INFORMATION_FORMAT = "dwarf-with-dsym";
				ENABLE_NS_ASSERTIONS = NO;
				ENABLE_STRICT_OBJC_MSGSEND = YES;
				GCC_C_LANGUAGE_STANDARD = gnu11;
				GCC_NO_COMMON_BLOCKS = YES;
				GCC_WARN_64_TO_32_BIT_CONVERSION = YES;
				GCC_WARN_ABOUT_RETURN_TYPE = YES_ERROR;
				GCC_WARN_UNDECLARED_SELECTOR = YES;
				GCC_WARN_UNINITIALIZED_AUTOS = YES_AGGRESSIVE;
				GCC_WARN_UNUSED_FUNCTION = YES;
				GCC_WARN_UNUSED_VARIABLE = YES;
				IPHONEOS_DEPLOYMENT_TARGET = 15.4;
				MTL_ENABLE_DEBUG_INFO = NO;
				MTL_FAST_MATH = YES;
				SDKROOT = iphoneos;
				SWIFT_COMPILATION_MODE = wholemodule;
				SWIFT_OPTIMIZATION_LEVEL = "-O";
				VALIDATE_PRODUCT = YES;
			};
			name = Release;
		};
		3F60BC712810872900E6892C /* Debug */ = {
			isa = XCBuildConfiguration;
			buildSettings = {
				ASSETCATALOG_COMPILER_APPICON_NAME = AppIcon;
				ASSETCATALOG_COMPILER_GLOBAL_ACCENT_COLOR_NAME = AccentColor;
				CODE_SIGN_STYLE = Automatic;
				CURRENT_PROJECT_VERSION = 3;
				DEVELOPMENT_ASSET_PATHS = "\"sshview/Preview Content\"";
				DEVELOPMENT_TEAM = 7A9X38B4YU;
				ENABLE_PREVIEWS = YES;
				GENERATE_INFOPLIST_FILE = YES;
				HEADER_SEARCH_PATHS = "$(SRCROOT)/library/install/include";
				INFOPLIST_KEY_UIApplicationSceneManifest_Generation = YES;
				INFOPLIST_KEY_UIApplicationSupportsIndirectInputEvents = YES;
				INFOPLIST_KEY_UILaunchScreen_Generation = YES;
				INFOPLIST_KEY_UISupportedInterfaceOrientations_iPad = "UIInterfaceOrientationPortrait UIInterfaceOrientationPortraitUpsideDown UIInterfaceOrientationLandscapeLeft UIInterfaceOrientationLandscapeRight";
				INFOPLIST_KEY_UISupportedInterfaceOrientations_iPhone = "UIInterfaceOrientationPortrait UIInterfaceOrientationLandscapeLeft UIInterfaceOrientationLandscapeRight";
				LD_RUNPATH_SEARCH_PATHS = (
					"$(inherited)",
					"@executable_path/Frameworks",
				);
				LIBRARY_SEARCH_PATHS = "$(SRCROOT)/library/install/lib";
				MARKETING_VERSION = 1.1;
				PRODUCT_BUNDLE_IDENTIFIER = info.lithium03.sshview;
				PRODUCT_NAME = "$(TARGET_NAME)";
				SWIFT_EMIT_LOC_STRINGS = YES;
				SWIFT_INCLUDE_PATHS = "$(SRCROOT)/library";
				SWIFT_VERSION = 5.0;
				TARGETED_DEVICE_FAMILY = "1,2";
			};
			name = Debug;
		};
		3F60BC722810872900E6892C /* Release */ = {
			isa = XCBuildConfiguration;
			buildSettings = {
				ASSETCATALOG_COMPILER_APPICON_NAME = AppIcon;
				ASSETCATALOG_COMPILER_GLOBAL_ACCENT_COLOR_NAME = AccentColor;
				CODE_SIGN_STYLE = Automatic;
				CURRENT_PROJECT_VERSION = 3;
				DEVELOPMENT_ASSET_PATHS = "\"sshview/Preview Content\"";
				DEVELOPMENT_TEAM = 7A9X38B4YU;
				ENABLE_PREVIEWS = YES;
				GENERATE_INFOPLIST_FILE = YES;
				HEADER_SEARCH_PATHS = "$(SRCROOT)/library/install/include";
				INFOPLIST_KEY_UIApplicationSceneManifest_Generation = YES;
				INFOPLIST_KEY_UIApplicationSupportsIndirectInputEvents = YES;
				INFOPLIST_KEY_UILaunchScreen_Generation = YES;
				INFOPLIST_KEY_UISupportedInterfaceOrientations_iPad = "UIInterfaceOrientationPortrait UIInterfaceOrientationPortraitUpsideDown UIInterfaceOrientationLandscapeLeft UIInterfaceOrientationLandscapeRight";
				INFOPLIST_KEY_UISupportedInterfaceOrientations_iPhone = "UIInterfaceOrientationPortrait UIInterfaceOrientationLandscapeLeft UIInterfaceOrientationLandscapeRight";
				LD_RUNPATH_SEARCH_PATHS = (
					"$(inherited)",
					"@executable_path/Frameworks",
				);
				LIBRARY_SEARCH_PATHS = "$(SRCROOT)/library/install/lib";
				MARKETING_VERSION = 1.1;
				PRODUCT_BUNDLE_IDENTIFIER = info.lithium03.sshview;
				PRODUCT_NAME = "$(TARGET_NAME)";
				SWIFT_EMIT_LOC_STRINGS = YES;
				SWIFT_INCLUDE_PATHS = "$(SRCROOT)/library";
				SWIFT_VERSION = 5.0;
				TARGETED_DEVICE_FAMILY = "1,2";
			};
			name = Release;
		};
/* End XCBuildConfiguration section */

/* Begin XCConfigurationList section */
		3F60BC5D2810872700E6892C /* Build configuration list for PBXProject "sshview" */ = {
			isa = XCConfigurationList;
			buildConfigurations = (
				3F60BC6E2810872900E6892C /* Debug */,
				3F60BC6F2810872900E6892C /* Release */,
			);
			defaultConfigurationIsVisible = 0;
			defaultConfigurationName = Release;
		};
		3F60BC702810872900E6892C /* Build configuration list for PBXNativeTarget "sshview" */ = {
			isa = XCConfigurationList;
			buildConfigurations = (
				3F60BC712810872900E6892C /* Debug */,
				3F60BC722810872900E6892C /* Release */,
			);
			defaultConfigurationIsVisible = 0;
			defaultConfigurationName = Release;
		};
/* End XCConfigurationList section */
	};
	rootObject = 3F60BC5A2810872700E6892C /* Project object */;
}
